// !$*UTF8*$!
{
	archiveVersion = 1;
	classes = {
	};
	objectVersion = 50;
	objects = {

/* Begin PBXBuildFile section */
		7ADB75DAD4FBC50F24F816AE /* Pods_CTTestSDKDemo.framework in Frameworks */ = {isa = PBXBuildFile; fileRef = C68D470E3B73E5F6DEA8F2AE /* Pods_CTTestSDKDemo.framework */; };
		91297E0EFCCBD247A2B7DF83 /* Pods_CTTestSDKDemoTests.framework in Frameworks */ = {isa = PBXBuildFile; fileRef = 591DBD5BE5B201C117958B02 /* Pods_CTTestSDKDemoTests.framework */; };
		DA2E8AD420C7C8D400DF7984 /* AppDelegate.m in Sources */ = {isa = PBXBuildFile; fileRef = DA2E8AD320C7C8D400DF7984 /* AppDelegate.m */; };
		DA2E8AD720C7C8D400DF7984 /* ViewController.m in Sources */ = {isa = PBXBuildFile; fileRef = DA2E8AD620C7C8D400DF7984 /* ViewController.m */; };
		DA2E8ADA20C7C8D400DF7984 /* Main.storyboard in Resources */ = {isa = PBXBuildFile; fileRef = DA2E8AD820C7C8D400DF7984 /* Main.storyboard */; };
		DA2E8ADC20C7C8D500DF7984 /* Assets.xcassets in Resources */ = {isa = PBXBuildFile; fileRef = DA2E8ADB20C7C8D500DF7984 /* Assets.xcassets */; };
		DA2E8ADF20C7C8D500DF7984 /* LaunchScreen.storyboard in Resources */ = {isa = PBXBuildFile; fileRef = DA2E8ADD20C7C8D500DF7984 /* LaunchScreen.storyboard */; };
		DA2E8AE220C7C8D500DF7984 /* main.m in Sources */ = {isa = PBXBuildFile; fileRef = DA2E8AE120C7C8D500DF7984 /* main.m */; };
		DA2E8AEC20C7C8D600DF7984 /* CTTestSDKDemoTests.m in Sources */ = {isa = PBXBuildFile; fileRef = DA2E8AEB20C7C8D600DF7984 /* CTTestSDKDemoTests.m */; };
		DA2E8B2D20C7E2A400DF7984 /* CTTestSDK.framework in Frameworks */ = {isa = PBXBuildFile; fileRef = DA2E8B2C20C7E2A400DF7984 /* CTTestSDK.framework */; };
/* End PBXBuildFile section */

/* Begin PBXContainerItemProxy section */
		DA2E8AE820C7C8D600DF7984 /* PBXContainerItemProxy */ = {
			isa = PBXContainerItemProxy;
			containerPortal = DA2E8AC720C7C8D400DF7984 /* Project object */;
			proxyType = 1;
			remoteGlobalIDString = DA2E8ACE20C7C8D400DF7984;
			remoteInfo = CTTestSDKDemo;
		};
/* End PBXContainerItemProxy section */

/* Begin PBXFileReference section */
		591DBD5BE5B201C117958B02 /* Pods_CTTestSDKDemoTests.framework */ = {isa = PBXFileReference; explicitFileType = wrapper.framework; includeInIndex = 0; path = Pods_CTTestSDKDemoTests.framework; sourceTree = BUILT_PRODUCTS_DIR; };
		A6AF69A2D1B4CA771FCDFC57 /* Pods-CTTestSDKDemoTests.debug.xcconfig */ = {isa = PBXFileReference; includeInIndex = 1; lastKnownFileType = text.xcconfig; name = "Pods-CTTestSDKDemoTests.debug.xcconfig"; path = "Pods/Target Support Files/Pods-CTTestSDKDemoTests/Pods-CTTestSDKDemoTests.debug.xcconfig"; sourceTree = "<group>"; };
		C68D470E3B73E5F6DEA8F2AE /* Pods_CTTestSDKDemo.framework */ = {isa = PBXFileReference; explicitFileType = wrapper.framework; includeInIndex = 0; path = Pods_CTTestSDKDemo.framework; sourceTree = BUILT_PRODUCTS_DIR; };
		D63304414CB561FDFEA6BACA /* Pods-CTTestSDKDemoTests.release.xcconfig */ = {isa = PBXFileReference; includeInIndex = 1; lastKnownFileType = text.xcconfig; name = "Pods-CTTestSDKDemoTests.release.xcconfig"; path = "Pods/Target Support Files/Pods-CTTestSDKDemoTests/Pods-CTTestSDKDemoTests.release.xcconfig"; sourceTree = "<group>"; };
		DA2E8ACF20C7C8D400DF7984 /* CTTestSDKDemo.app */ = {isa = PBXFileReference; explicitFileType = wrapper.application; includeInIndex = 0; path = CTTestSDKDemo.app; sourceTree = BUILT_PRODUCTS_DIR; };
		DA2E8AD220C7C8D400DF7984 /* AppDelegate.h */ = {isa = PBXFileReference; lastKnownFileType = sourcecode.c.h; path = AppDelegate.h; sourceTree = "<group>"; };
		DA2E8AD320C7C8D400DF7984 /* AppDelegate.m */ = {isa = PBXFileReference; lastKnownFileType = sourcecode.c.objc; path = AppDelegate.m; sourceTree = "<group>"; };
		DA2E8AD520C7C8D400DF7984 /* ViewController.h */ = {isa = PBXFileReference; lastKnownFileType = sourcecode.c.h; path = ViewController.h; sourceTree = "<group>"; };
		DA2E8AD620C7C8D400DF7984 /* ViewController.m */ = {isa = PBXFileReference; lastKnownFileType = sourcecode.c.objc; path = ViewController.m; sourceTree = "<group>"; };
		DA2E8AD920C7C8D400DF7984 /* Base */ = {isa = PBXFileReference; lastKnownFileType = file.storyboard; name = Base; path = Base.lproj/Main.storyboard; sourceTree = "<group>"; };
		DA2E8ADB20C7C8D500DF7984 /* Assets.xcassets */ = {isa = PBXFileReference; lastKnownFileType = folder.assetcatalog; path = Assets.xcassets; sourceTree = "<group>"; };
		DA2E8ADE20C7C8D500DF7984 /* Base */ = {isa = PBXFileReference; lastKnownFileType = file.storyboard; name = Base; path = Base.lproj/LaunchScreen.storyboard; sourceTree = "<group>"; };
		DA2E8AE020C7C8D500DF7984 /* Info.plist */ = {isa = PBXFileReference; lastKnownFileType = text.plist.xml; path = Info.plist; sourceTree = "<group>"; };
		DA2E8AE120C7C8D500DF7984 /* main.m */ = {isa = PBXFileReference; lastKnownFileType = sourcecode.c.objc; path = main.m; sourceTree = "<group>"; };
		DA2E8AE720C7C8D600DF7984 /* CTTestSDKDemoTests.xctest */ = {isa = PBXFileReference; explicitFileType = wrapper.cfbundle; includeInIndex = 0; path = CTTestSDKDemoTests.xctest; sourceTree = BUILT_PRODUCTS_DIR; };
		DA2E8AEB20C7C8D600DF7984 /* CTTestSDKDemoTests.m */ = {isa = PBXFileReference; lastKnownFileType = sourcecode.c.objc; path = CTTestSDKDemoTests.m; sourceTree = "<group>"; };
		DA2E8AED20C7C8D600DF7984 /* Info.plist */ = {isa = PBXFileReference; lastKnownFileType = text.plist.xml; path = Info.plist; sourceTree = "<group>"; };
		DA2E8B2C20C7E2A400DF7984 /* CTTestSDK.framework */ = {isa = PBXFileReference; lastKnownFileType = wrapper.framework; path = CTTestSDK.framework; sourceTree = "<group>"; };
		DB16BC2BD5FE8D03F8039D23 /* Pods-CTTestSDKDemo.debug.xcconfig */ = {isa = PBXFileReference; includeInIndex = 1; lastKnownFileType = text.xcconfig; name = "Pods-CTTestSDKDemo.debug.xcconfig"; path = "Pods/Target Support Files/Pods-CTTestSDKDemo/Pods-CTTestSDKDemo.debug.xcconfig"; sourceTree = "<group>"; };
		F1BAABBF761C75CA1E69FB83 /* Pods-CTTestSDKDemo.release.xcconfig */ = {isa = PBXFileReference; includeInIndex = 1; lastKnownFileType = text.xcconfig; name = "Pods-CTTestSDKDemo.release.xcconfig"; path = "Pods/Target Support Files/Pods-CTTestSDKDemo/Pods-CTTestSDKDemo.release.xcconfig"; sourceTree = "<group>"; };
/* End PBXFileReference section */

/* Begin PBXFrameworksBuildPhase section */
		DA2E8ACC20C7C8D400DF7984 /* Frameworks */ = {
			isa = PBXFrameworksBuildPhase;
			buildActionMask = 2147483647;
			files = (
				DA2E8B2D20C7E2A400DF7984 /* CTTestSDK.framework in Frameworks */,
				7ADB75DAD4FBC50F24F816AE /* Pods_CTTestSDKDemo.framework in Frameworks */,
			);
			runOnlyForDeploymentPostprocessing = 0;
		};
		DA2E8AE420C7C8D600DF7984 /* Frameworks */ = {
			isa = PBXFrameworksBuildPhase;
			buildActionMask = 2147483647;
			files = (
				91297E0EFCCBD247A2B7DF83 /* Pods_CTTestSDKDemoTests.framework in Frameworks */,
			);
			runOnlyForDeploymentPostprocessing = 0;
		};
/* End PBXFrameworksBuildPhase section */

/* Begin PBXGroup section */
		1C79EDA448E495DE8C1F807D /* Pods */ = {
			isa = PBXGroup;
			children = (
				DB16BC2BD5FE8D03F8039D23 /* Pods-CTTestSDKDemo.debug.xcconfig */,
				F1BAABBF761C75CA1E69FB83 /* Pods-CTTestSDKDemo.release.xcconfig */,
				A6AF69A2D1B4CA771FCDFC57 /* Pods-CTTestSDKDemoTests.debug.xcconfig */,
				D63304414CB561FDFEA6BACA /* Pods-CTTestSDKDemoTests.release.xcconfig */,
			);
			name = Pods;
			sourceTree = "<group>";
		};
		53CE3DE1E7C4F1687988AF4B /* Frameworks */ = {
			isa = PBXGroup;
			children = (
				C68D470E3B73E5F6DEA8F2AE /* Pods_CTTestSDKDemo.framework */,
				591DBD5BE5B201C117958B02 /* Pods_CTTestSDKDemoTests.framework */,
			);
			name = Frameworks;
			sourceTree = "<group>";
		};
		DA2E8AC620C7C8D400DF7984 = {
			isa = PBXGroup;
			children = (
				DA2E8AD120C7C8D400DF7984 /* CTTestSDKDemo */,
				DA2E8AEA20C7C8D600DF7984 /* CTTestSDKDemoTests */,
				DA2E8AD020C7C8D400DF7984 /* Products */,
				1C79EDA448E495DE8C1F807D /* Pods */,
				53CE3DE1E7C4F1687988AF4B /* Frameworks */,
			);
			sourceTree = "<group>";
		};
		DA2E8AD020C7C8D400DF7984 /* Products */ = {
			isa = PBXGroup;
			children = (
				DA2E8ACF20C7C8D400DF7984 /* CTTestSDKDemo.app */,
				DA2E8AE720C7C8D600DF7984 /* CTTestSDKDemoTests.xctest */,
			);
			name = Products;
			sourceTree = "<group>";
		};
		DA2E8AD120C7C8D400DF7984 /* CTTestSDKDemo */ = {
			isa = PBXGroup;
			children = (
				DA2E8B2C20C7E2A400DF7984 /* CTTestSDK.framework */,
				DA2E8AD220C7C8D400DF7984 /* AppDelegate.h */,
				DA2E8AD320C7C8D400DF7984 /* AppDelegate.m */,
				DA2E8AD520C7C8D400DF7984 /* ViewController.h */,
				DA2E8AD620C7C8D400DF7984 /* ViewController.m */,
				DA2E8AD820C7C8D400DF7984 /* Main.storyboard */,
				DA2E8ADB20C7C8D500DF7984 /* Assets.xcassets */,
				DA2E8ADD20C7C8D500DF7984 /* LaunchScreen.storyboard */,
				DA2E8AE020C7C8D500DF7984 /* Info.plist */,
				DA2E8AE120C7C8D500DF7984 /* main.m */,
			);
			path = CTTestSDKDemo;
			sourceTree = "<group>";
		};
		DA2E8AEA20C7C8D600DF7984 /* CTTestSDKDemoTests */ = {
			isa = PBXGroup;
			children = (
				DA2E8AEB20C7C8D600DF7984 /* CTTestSDKDemoTests.m */,
				DA2E8AED20C7C8D600DF7984 /* Info.plist */,
			);
			path = CTTestSDKDemoTests;
			sourceTree = "<group>";
		};
/* End PBXGroup section */

/* Begin PBXNativeTarget section */
		DA2E8ACE20C7C8D400DF7984 /* CTTestSDKDemo */ = {
			isa = PBXNativeTarget;
			buildConfigurationList = DA2E8AF020C7C8D600DF7984 /* Build configuration list for PBXNativeTarget "CTTestSDKDemo" */;
			buildPhases = (
				40FB84EBA45193A1F340F556 /* [CP] Check Pods Manifest.lock */,
				DA2E8ACB20C7C8D400DF7984 /* Sources */,
				DA2E8ACC20C7C8D400DF7984 /* Frameworks */,
				DA2E8ACD20C7C8D400DF7984 /* Resources */,
				78C910B9DEBD581038AA5A17 /* [CP] Embed Pods Frameworks */,
			);
			buildRules = (
			);
			dependencies = (
			);
			name = CTTestSDKDemo;
			productName = CTTestSDKDemo;
			productReference = DA2E8ACF20C7C8D400DF7984 /* CTTestSDKDemo.app */;
			productType = "com.apple.product-type.application";
		};
		DA2E8AE620C7C8D600DF7984 /* CTTestSDKDemoTests */ = {
			isa = PBXNativeTarget;
			buildConfigurationList = DA2E8AF320C7C8D600DF7984 /* Build configuration list for PBXNativeTarget "CTTestSDKDemoTests" */;
			buildPhases = (
				143429792D20ABA5FD0FA845 /* [CP] Check Pods Manifest.lock */,
				DA2E8AE320C7C8D600DF7984 /* Sources */,
				DA2E8AE420C7C8D600DF7984 /* Frameworks */,
				DA2E8AE520C7C8D600DF7984 /* Resources */,
			);
			buildRules = (
			);
			dependencies = (
				DA2E8AE920C7C8D600DF7984 /* PBXTargetDependency */,
			);
			name = CTTestSDKDemoTests;
			productName = CTTestSDKDemoTests;
			productReference = DA2E8AE720C7C8D600DF7984 /* CTTestSDKDemoTests.xctest */;
			productType = "com.apple.product-type.bundle.unit-test";
		};
/* End PBXNativeTarget section */

/* Begin PBXProject section */
		DA2E8AC720C7C8D400DF7984 /* Project object */ = {
			isa = PBXProject;
			attributes = {
				LastUpgradeCheck = 0940;
				ORGANIZATIONNAME = Seas.Cheng;
				TargetAttributes = {
					DA2E8ACE20C7C8D400DF7984 = {
						CreatedOnToolsVersion = 9.4;
					};
					DA2E8AE620C7C8D600DF7984 = {
						CreatedOnToolsVersion = 9.4;
						TestTargetID = DA2E8ACE20C7C8D400DF7984;
					};
				};
			};
			buildConfigurationList = DA2E8ACA20C7C8D400DF7984 /* Build configuration list for PBXProject "CTTestSDKDemo" */;
			compatibilityVersion = "Xcode 9.3";
			developmentRegion = en;
			hasScannedForEncodings = 0;
			knownRegions = (
				en,
				Base,
			);
			mainGroup = DA2E8AC620C7C8D400DF7984;
			productRefGroup = DA2E8AD020C7C8D400DF7984 /* Products */;
			projectDirPath = "";
			projectRoot = "";
			targets = (
				DA2E8ACE20C7C8D400DF7984 /* CTTestSDKDemo */,
				DA2E8AE620C7C8D600DF7984 /* CTTestSDKDemoTests */,
			);
		};
/* End PBXProject section */

/* Begin PBXResourcesBuildPhase section */
		DA2E8ACD20C7C8D400DF7984 /* Resources */ = {
			isa = PBXResourcesBuildPhase;
			buildActionMask = 2147483647;
			files = (
				DA2E8ADF20C7C8D500DF7984 /* LaunchScreen.storyboard in Resources */,
				DA2E8ADC20C7C8D500DF7984 /* Assets.xcassets in Resources */,
				DA2E8ADA20C7C8D400DF7984 /* Main.storyboard in Resources */,
			);
			runOnlyForDeploymentPostprocessing = 0;
		};
		DA2E8AE520C7C8D600DF7984 /* Resources */ = {
			isa = PBXResourcesBuildPhase;
			buildActionMask = 2147483647;
			files = (
			);
			runOnlyForDeploymentPostprocessing = 0;
		};
/* End PBXResourcesBuildPhase section */

/* Begin PBXShellScriptBuildPhase section */
		143429792D20ABA5FD0FA845 /* [CP] Check Pods Manifest.lock */ = {
			isa = PBXShellScriptBuildPhase;
			buildActionMask = 2147483647;
			files = (
			);
			inputPaths = (
				"${PODS_PODFILE_DIR_PATH}/Podfile.lock",
				"${PODS_ROOT}/Manifest.lock",
			);
			name = "[CP] Check Pods Manifest.lock";
			outputPaths = (
				"$(DERIVED_FILE_DIR)/Pods-CTTestSDKDemoTests-checkManifestLockResult.txt",
			);
			runOnlyForDeploymentPostprocessing = 0;
			shellPath = /bin/sh;
			shellScript = "diff \"${PODS_PODFILE_DIR_PATH}/Podfile.lock\" \"${PODS_ROOT}/Manifest.lock\" > /dev/null\nif [ $? != 0 ] ; then\n    # print error to STDERR\n    echo \"error: The sandbox is not in sync with the Podfile.lock. Run 'pod install' or update your CocoaPods installation.\" >&2\n    exit 1\nfi\n# This output is used by Xcode 'outputs' to avoid re-running this script phase.\necho \"SUCCESS\" > \"${SCRIPT_OUTPUT_FILE_0}\"\n";
			showEnvVarsInLog = 0;
		};
		40FB84EBA45193A1F340F556 /* [CP] Check Pods Manifest.lock */ = {
			isa = PBXShellScriptBuildPhase;
			buildActionMask = 2147483647;
			files = (
			);
			inputPaths = (
				"${PODS_PODFILE_DIR_PATH}/Podfile.lock",
				"${PODS_ROOT}/Manifest.lock",
			);
			name = "[CP] Check Pods Manifest.lock";
			outputPaths = (
				"$(DERIVED_FILE_DIR)/Pods-CTTestSDKDemo-checkManifestLockResult.txt",
			);
			runOnlyForDeploymentPostprocessing = 0;
			shellPath = /bin/sh;
			shellScript = "diff \"${PODS_PODFILE_DIR_PATH}/Podfile.lock\" \"${PODS_ROOT}/Manifest.lock\" > /dev/null\nif [ $? != 0 ] ; then\n    # print error to STDERR\n    echo \"error: The sandbox is not in sync with the Podfile.lock. Run 'pod install' or update your CocoaPods installation.\" >&2\n    exit 1\nfi\n# This output is used by Xcode 'outputs' to avoid re-running this script phase.\necho \"SUCCESS\" > \"${SCRIPT_OUTPUT_FILE_0}\"\n";
			showEnvVarsInLog = 0;
		};
		78C910B9DEBD581038AA5A17 /* [CP] Embed Pods Frameworks */ = {
			isa = PBXShellScriptBuildPhase;
			buildActionMask = 2147483647;
			files = (
			);
			inputPaths = (
				"${SRCROOT}/Pods/Target Support Files/Pods-CTTestSDKDemo/Pods-CTTestSDKDemo-frameworks.sh",
				"${BUILT_PRODUCTS_DIR}/SDWebImage/SDWebImage.framework",
			);
			name = "[CP] Embed Pods Frameworks";
			outputPaths = (
				"${TARGET_BUILD_DIR}/${FRAMEWORKS_FOLDER_PATH}/SDWebImage.framework",
			);
			runOnlyForDeploymentPostprocessing = 0;
			shellPath = /bin/sh;
			shellScript = "\"${SRCROOT}/Pods/Target Support Files/Pods-CTTestSDKDemo/Pods-CTTestSDKDemo-frameworks.sh\"\n";
			showEnvVarsInLog = 0;
		};
/* End PBXShellScriptBuildPhase section */

/* Begin PBXSourcesBuildPhase section */
		DA2E8ACB20C7C8D400DF7984 /* Sources */ = {
			isa = PBXSourcesBuildPhase;
			buildActionMask = 2147483647;
			files = (
				DA2E8AD720C7C8D400DF7984 /* ViewController.m in Sources */,
				DA2E8AE220C7C8D500DF7984 /* main.m in Sources */,
				DA2E8AD420C7C8D400DF7984 /* AppDelegate.m in Sources */,
			);
			runOnlyForDeploymentPostprocessing = 0;
		};
		DA2E8AE320C7C8D600DF7984 /* Sources */ = {
			isa = PBXSourcesBuildPhase;
			buildActionMask = 2147483647;
			files = (
				DA2E8AEC20C7C8D600DF7984 /* CTTestSDKDemoTests.m in Sources */,
			);
			runOnlyForDeploymentPostprocessing = 0;
		};
/* End PBXSourcesBuildPhase section */

/* Begin PBXTargetDependency section */
		DA2E8AE920C7C8D600DF7984 /* PBXTargetDependency */ = {
			isa = PBXTargetDependency;
			target = DA2E8ACE20C7C8D400DF7984 /* CTTestSDKDemo */;
			targetProxy = DA2E8AE820C7C8D600DF7984 /* PBXContainerItemProxy */;
		};
/* End PBXTargetDependency section */

/* Begin PBXVariantGroup section */
		DA2E8AD820C7C8D400DF7984 /* Main.storyboard */ = {
			isa = PBXVariantGroup;
			children = (
				DA2E8AD920C7C8D400DF7984 /* Base */,
			);
			name = Main.storyboard;
			sourceTree = "<group>";
		};
		DA2E8ADD20C7C8D500DF7984 /* LaunchScreen.storyboard */ = {
			isa = PBXVariantGroup;
			children = (
				DA2E8ADE20C7C8D500DF7984 /* Base */,
			);
			name = LaunchScreen.storyboard;
			sourceTree = "<group>";
		};
/* End PBXVariantGroup section */

/* Begin XCBuildConfiguration section */
		DA2E8AEE20C7C8D600DF7984 /* Debug */ = {
			isa = XCBuildConfiguration;
			buildSettings = {
				ALWAYS_SEARCH_USER_PATHS = NO;
				CLANG_ANALYZER_NONNULL = YES;
				CLANG_ANALYZER_NUMBER_OBJECT_CONVERSION = YES_AGGRESSIVE;
				CLANG_CXX_LANGUAGE_STANDARD = "gnu++14";
				CLANG_CXX_LIBRARY = "libc++";
				CLANG_ENABLE_MODULES = YES;
				CLANG_ENABLE_OBJC_ARC = YES;
				CLANG_ENABLE_OBJC_WEAK = YES;
				CLANG_WARN_BLOCK_CAPTURE_AUTORELEASING = YES;
				CLANG_WARN_BOOL_CONVERSION = YES;
				CLANG_WARN_COMMA = YES;
				CLANG_WARN_CONSTANT_CONVERSION = YES;
				CLANG_WARN_DEPRECATED_OBJC_IMPLEMENTATIONS = YES;
				CLANG_WARN_DIRECT_OBJC_ISA_USAGE = YES_ERROR;
				CLANG_WARN_DOCUMENTATION_COMMENTS = YES;
				CLANG_WARN_EMPTY_BODY = YES;
				CLANG_WARN_ENUM_CONVERSION = YES;
				CLANG_WARN_INFINITE_RECURSION = YES;
				CLANG_WARN_INT_CONVERSION = YES;
				CLANG_WARN_NON_LITERAL_NULL_CONVERSION = YES;
				CLANG_WARN_OBJC_IMPLICIT_RETAIN_SELF = YES;
				CLANG_WARN_OBJC_LITERAL_CONVERSION = YES;
				CLANG_WARN_OBJC_ROOT_CLASS = YES_ERROR;
				CLANG_WARN_RANGE_LOOP_ANALYSIS = YES;
				CLANG_WARN_STRICT_PROTOTYPES = YES;
				CLANG_WARN_SUSPICIOUS_MOVE = YES;
				CLANG_WARN_UNGUARDED_AVAILABILITY = YES_AGGRESSIVE;
				CLANG_WARN_UNREACHABLE_CODE = YES;
				CLANG_WARN__DUPLICATE_METHOD_MATCH = YES;
				CODE_SIGN_IDENTITY = "iPhone Developer";
				COPY_PHASE_STRIP = NO;
				DEBUG_INFORMATION_FORMAT = dwarf;
				ENABLE_STRICT_OBJC_MSGSEND = YES;
				ENABLE_TESTABILITY = YES;
				GCC_C_LANGUAGE_STANDARD = gnu11;
				GCC_DYNAMIC_NO_PIC = NO;
				GCC_NO_COMMON_BLOCKS = YES;
				GCC_OPTIMIZATION_LEVEL = 0;
				GCC_PREPROCESSOR_DEFINITIONS = (
					"DEBUG=1",
					"$(inherited)",
				);
				GCC_WARN_64_TO_32_BIT_CONVERSION = YES;
				GCC_WARN_ABOUT_RETURN_TYPE = YES_ERROR;
				GCC_WARN_UNDECLARED_SELECTOR = YES;
				GCC_WARN_UNINITIALIZED_AUTOS = YES_AGGRESSIVE;
				GCC_WARN_UNUSED_FUNCTION = YES;
				GCC_WARN_UNUSED_VARIABLE = YES;
				IPHONEOS_DEPLOYMENT_TARGET = 11.4;
				MTL_ENABLE_DEBUG_INFO = YES;
				ONLY_ACTIVE_ARCH = YES;
				SDKROOT = iphoneos;
			};
			name = Debug;
		};
		DA2E8AEF20C7C8D600DF7984 /* Release */ = {
			isa = XCBuildConfiguration;
			buildSettings = {
				ALWAYS_SEARCH_USER_PATHS = NO;
				CLANG_ANALYZER_NONNULL = YES;
				CLANG_ANALYZER_NUMBER_OBJECT_CONVERSION = YES_AGGRESSIVE;
				CLANG_CXX_LANGUAGE_STANDARD = "gnu++14";
				CLANG_CXX_LIBRARY = "libc++";
				CLANG_ENABLE_MODULES = YES;
				CLANG_ENABLE_OBJC_ARC = YES;
				CLANG_ENABLE_OBJC_WEAK = YES;
				CLANG_WARN_BLOCK_CAPTURE_AUTORELEASING = YES;
				CLANG_WARN_BOOL_CONVERSION = YES;
				CLANG_WARN_COMMA = YES;
				CLANG_WARN_CONSTANT_CONVERSION = YES;
				CLANG_WARN_DEPRECATED_OBJC_IMPLEMENTATIONS = YES;
				CLANG_WARN_DIRECT_OBJC_ISA_USAGE = YES_ERROR;
				CLANG_WARN_DOCUMENTATION_COMMENTS = YES;
				CLANG_WARN_EMPTY_BODY = YES;
				CLANG_WARN_ENUM_CONVERSION = YES;
				CLANG_WARN_INFINITE_RECURSION = YES;
				CLANG_WARN_INT_CONVERSION = YES;
				CLANG_WARN_NON_LITERAL_NULL_CONVERSION = YES;
				CLANG_WARN_OBJC_IMPLICIT_RETAIN_SELF = YES;
				CLANG_WARN_OBJC_LITERAL_CONVERSION = YES;
				CLANG_WARN_OBJC_ROOT_CLASS = YES_ERROR;
				CLANG_WARN_RANGE_LOOP_ANALYSIS = YES;
				CLANG_WARN_STRICT_PROTOTYPES = YES;
				CLANG_WARN_SUSPICIOUS_MOVE = YES;
				CLANG_WARN_UNGUARDED_AVAILABILITY = YES_AGGRESSIVE;
				CLANG_WARN_UNREACHABLE_CODE = YES;
				CLANG_WARN__DUPLICATE_METHOD_MATCH = YES;
				CODE_SIGN_IDENTITY = "iPhone Developer";
				COPY_PHASE_STRIP = NO;
				DEBUG_INFORMATION_FORMAT = "dwarf-with-dsym";
				ENABLE_NS_ASSERTIONS = NO;
				ENABLE_STRICT_OBJC_MSGSEND = YES;
				GCC_C_LANGUAGE_STANDARD = gnu11;
				GCC_NO_COMMON_BLOCKS = YES;
				GCC_WARN_64_TO_32_BIT_CONVERSION = YES;
				GCC_WARN_ABOUT_RETURN_TYPE = YES_ERROR;
				GCC_WARN_UNDECLARED_SELECTOR = YES;
				GCC_WARN_UNINITIALIZED_AUTOS = YES_AGGRESSIVE;
				GCC_WARN_UNUSED_FUNCTION = YES;
				GCC_WARN_UNUSED_VARIABLE = YES;
				IPHONEOS_DEPLOYMENT_TARGET = 11.4;
				MTL_ENABLE_DEBUG_INFO = NO;
				SDKROOT = iphoneos;
				VALIDATE_PRODUCT = YES;
			};
			name = Release;
		};
		DA2E8AF120C7C8D600DF7984 /* Debug */ = {
			isa = XCBuildConfiguration;
			baseConfigurationReference = DB16BC2BD5FE8D03F8039D23 /* Pods-CTTestSDKDemo.debug.xcconfig */;
			buildSettings = {
				ASSETCATALOG_COMPILER_APPICON_NAME = AppIcon;
				CODE_SIGN_STYLE = Automatic;
				DEVELOPMENT_TEAM = 989C79EYK5;
				FRAMEWORK_SEARCH_PATHS = (
					"$(inherited)",
					"$(PROJECT_DIR)/CTTestSDKDemo",
				);
				INFOPLIST_FILE = CTTestSDKDemo/Info.plist;
				LD_RUNPATH_SEARCH_PATHS = "$(inherited) @executable_path/Frameworks";
				PRODUCT_BUNDLE_IDENTIFIER = com.centling.CTTestSDKDemo;
				PRODUCT_NAME = "$(TARGET_NAME)";
				TARGETED_DEVICE_FAMILY = "1,2";
			};
			name = Debug;
		};
		DA2E8AF220C7C8D600DF7984 /* Release */ = {
			isa = XCBuildConfiguration;
			baseConfigurationReference = F1BAABBF761C75CA1E69FB83 /* Pods-CTTestSDKDemo.release.xcconfig */;
			buildSettings = {
				ASSETCATALOG_COMPILER_APPICON_NAME = AppIcon;
				CODE_SIGN_STYLE = Automatic;
				DEVELOPMENT_TEAM = 989C79EYK5;
				FRAMEWORK_SEARCH_PATHS = (
					"$(inherited)",
					"$(PROJECT_DIR)/CTTestSDKDemo",
				);
				INFOPLIST_FILE = CTTestSDKDemo/Info.plist;
				LD_RUNPATH_SEARCH_PATHS = "$(inherited) @executable_path/Frameworks";
				PRODUCT_BUNDLE_IDENTIFIER = com.centling.CTTestSDKDemo;
				PRODUCT_NAME = "$(TARGET_NAME)";
				TARGETED_DEVICE_FAMILY = "1,2";
			};
			name = Release;
		};
		DA2E8AF420C7C8D600DF7984 /* Debug */ = {
			isa = XCBuildConfiguration;
			baseConfigurationReference = A6AF69A2D1B4CA771FCDFC57 /* Pods-CTTestSDKDemoTests.debug.xcconfig */;
			buildSettings = {
				BUNDLE_LOADER = "$(TEST_HOST)";
				CODE_SIGN_STYLE = Automatic;
				DEVELOPMENT_TEAM = 989C79EYK5;
				INFOPLIST_FILE = CTTestSDKDemoTests/Info.plist;
				LD_RUNPATH_SEARCH_PATHS = "$(inherited) @executable_path/Frameworks @loader_path/Frameworks";
				PRODUCT_BUNDLE_IDENTIFIER = com.centling.CTTestSDKDemoTests;
				PRODUCT_NAME = "$(TARGET_NAME)";
				TARGETED_DEVICE_FAMILY = "1,2";
				TEST_HOST = "$(BUILT_PRODUCTS_DIR)/CTTestSDKDemo.app/CTTestSDKDemo";
			};
			name = Debug;
		};
		DA2E8AF520C7C8D600DF7984 /* Release */ = {
			isa = XCBuildConfiguration;
			baseConfigurationReference = D63304414CB561FDFEA6BACA /* Pods-CTTestSDKDemoTests.release.xcconfig */;
			buildSettings = {
				BUNDLE_LOADER = "$(TEST_HOST)";
				CODE_SIGN_STYLE = Automatic;
				DEVELOPMENT_TEAM = 989C79EYK5;
				INFOPLIST_FILE = CTTestSDKDemoTests/Info.plist;
				LD_RUNPATH_SEARCH_PATHS = "$(inherited) @executable_path/Frameworks @loader_path/Frameworks";
				PRODUCT_BUNDLE_IDENTIFIER = com.centling.CTTestSDKDemoTests;
				PRODUCT_NAME = "$(TARGET_NAME)";
				TARGETED_DEVICE_FAMILY = "1,2";
				TEST_HOST = "$(BUILT_PRODUCTS_DIR)/CTTestSDKDemo.app/CTTestSDKDemo";
			};
			name = Release;
		};
/* End XCBuildConfiguration section */

/* Begin XCConfigurationList section */
		DA2E8ACA20C7C8D400DF7984 /* Build configuration list for PBXProject "CTTestSDKDemo" */ = {
			isa = XCConfigurationList;
			buildConfigurations = (
				DA2E8AEE20C7C8D600DF7984 /* Debug */,
				DA2E8AEF20C7C8D600DF7984 /* Release */,
			);
			defaultConfigurationIsVisible = 0;
			defaultConfigurationName = Release;
		};
		DA2E8AF020C7C8D600DF7984 /* Build configuration list for PBXNativeTarget "CTTestSDKDemo" */ = {
			isa = XCConfigurationList;
			buildConfigurations = (
				DA2E8AF120C7C8D600DF7984 /* Debug */,
				DA2E8AF220C7C8D600DF7984 /* Release */,
			);
			defaultConfigurationIsVisible = 0;
			defaultConfigurationName = Release;
		};
		DA2E8AF320C7C8D600DF7984 /* Build configuration list for PBXNativeTarget "CTTestSDKDemoTests" */ = {
			isa = XCConfigurationList;
			buildConfigurations = (
				DA2E8AF420C7C8D600DF7984 /* Debug */,
				DA2E8AF520C7C8D600DF7984 /* Release */,
			);
			defaultConfigurationIsVisible = 0;
			defaultConfigurationName = Release;
		};
/* End XCConfigurationList section */
	};
	rootObject = DA2E8AC720C7C8D400DF7984 /* Project object */;
}
